
Microsoft Visual Studio Solution File, Format Version 12.00
# Visual Studio 15
VisualStudioVersion = 15.0.28307.902
MinimumVisualStudioVersion = 10.0.40219.1
Project("{2150E333-8FDC-42A3-9474-1A3956D46DE8}") = "Microservices", "Microservices", "{BBF9CF8C-E1D7-4E9E-A434-1B750722C0C3}"
EndProject
Project("{2150E333-8FDC-42A3-9474-1A3956D46DE8}") = "Domain", "Domain", "{8042AC59-1FD3-404F-A92A-F0051DED03F6}"
EndProject
Project("{2150E333-8FDC-42A3-9474-1A3956D46DE8}") = "Infra.Bus", "Infra.Bus", "{255BC829-BED4-4D7F-99B3-74D21B6A6CC1}"
EndProject
Project("{2150E333-8FDC-42A3-9474-1A3956D46DE8}") = "Infra.Ioc", "Infra.Ioc", "{41C9E1AB-2482-4E46-A3E8-A6A12D6D8C5F}"
EndProject
Project("{2150E333-8FDC-42A3-9474-1A3956D46DE8}") = "Presentation", "Presentation", "{EA3917B5-4523-4B74-917B-D5B0507CB2E2}"
EndProject
Project("{2150E333-8FDC-42A3-9474-1A3956D46DE8}") = "Cataring", "Cataring", "{82D05160-F097-475D-B109-F109877D8AEB}"
EndProject
Project("{2150E333-8FDC-42A3-9474-1A3956D46DE8}") = "Api", "Api", "{6D84E6B8-58BD-41F3-B270-13F4B74525D2}"
EndProject
Project("{2150E333-8FDC-42A3-9474-1A3956D46DE8}") = "Domain", "Domain", "{11735BC5-6E74-4308-A2A6-3F9C5A5CAF36}"
EndProject
Project("{2150E333-8FDC-42A3-9474-1A3956D46DE8}") = "Application", "Application", "{E9892A6A-F737-46B5-9C5A-FB0BCD8633C1}"
EndProject
Project("{2150E333-8FDC-42A3-9474-1A3956D46DE8}") = "Data", "Data", "{DDD5F982-167B-49A9-BA92-27C3AC980071}"
EndProject
Project("{9A19103F-16F7-4668-BE54-9A1E7A4F7556}") = "MicroRabbit.Catering.Api", "MicroRabbit.Catering.Api\MicroRabbit.Catering.Api.csproj", "{31544AFC-354E-4558-940B-4968EE009ECA}"
EndProject
Project("{9A19103F-16F7-4668-BE54-9A1E7A4F7556}") = "MicroRabbit.Cataring.Application", "MicroRabbit.Catering.Application\MicroRabbit.Cataring.Application.csproj", "{28364D6F-C45C-4487-8908-8055B2A2CEEA}"
EndProject
Project("{9A19103F-16F7-4668-BE54-9A1E7A4F7556}") = "MicroRabbit.Cataring.Data", "MicroRabbit.Cataring.Data\MicroRabbit.Cataring.Data.csproj", "{40ADD60B-687B-45F7-B0A3-373C5E5A0135}"
EndProject
Project("{9A19103F-16F7-4668-BE54-9A1E7A4F7556}") = "MicroRabbit.Cataring.Domain", "MicroRabbit.Cataring.Domain\MicroRabbit.Cataring.Domain.csproj", "{EEF31EF6-DD97-4DC0-8848-9E3BD450F52D}"
EndProject
Project("{9A19103F-16F7-4668-BE54-9A1E7A4F7556}") = "MicroRabbit.Infra.Ioc", "MicroRabbit.Infra.Ioc\MicroRabbit.Infra.Ioc.csproj", "{A60F1E6A-6736-41F6-9ADF-A49E5E29985F}"
EndProject
Project("{9A19103F-16F7-4668-BE54-9A1E7A4F7556}") = "MicroRabbit.Domain.Core", "MicroRabbit.Domain.Core\MicroRabbit.Domain.Core.csproj", "{2EDA1F93-6B7D-40D2-AAE5-F2CC9E32265E}"
EndProject
Project("{9A19103F-16F7-4668-BE54-9A1E7A4F7556}") = "MicroRabbit.Infra.Bus", "MicroRabbit.Infra.Bus\MicroRabbit.Infra.Bus.csproj", "{407E1D20-D83F-4056-A170-6096CEA0D1C7}"
EndProject
Project("{2150E333-8FDC-42A3-9474-1A3956D46DE8}") = "Transfer", "Transfer", "{6A40A637-0FEE-45EA-A07A-F37DC9EFC5A7}"
EndProject
Project("{9A19103F-16F7-4668-BE54-9A1E7A4F7556}") = "MicroRabbit.MVC", "MicroRabbit.MVC\MicroRabbit.MVC.csproj", "{9169D6C1-BB44-4FA4-9265-3FD113480D54}"
EndProject
Project("{2150E333-8FDC-42A3-9474-1A3956D46DE8}") = "Api", "Api", "{DD0D239F-65C1-4772-8B3D-9A345FDF85FB}"
EndProject
Project("{2150E333-8FDC-42A3-9474-1A3956D46DE8}") = "Application", "Application", "{5571B38D-C01E-4621-8FF8-2BB12D63C1C5}"
EndProject
Project("{2150E333-8FDC-42A3-9474-1A3956D46DE8}") = "Data", "Data", "{E4A3FEA0-15CC-4C39-AD6C-1CE9440124E9}"
EndProject
Project("{2150E333-8FDC-42A3-9474-1A3956D46DE8}") = "Donmain", "Donmain", "{4BF6F633-29B9-42F1-AC0D-8631689C8697}"
EndProject
Project("{FAE04EC0-301F-11D3-BF4B-00C04F79EFBC}") = "MicriRabbit.Trnsfer.Api", "MicriRabbit.Trnsfer.Api\MicriRabbit.Trnsfer.Api.csproj", "{B87D4CF7-D2D8-4F1C-BA6C-8F4E85D52D47}"
EndProject
Project("{FAE04EC0-301F-11D3-BF4B-00C04F79EFBC}") = "MicroRabbit.Transfer.Application", "MicroRabbit.Transfer.Application\MicroRabbit.Transfer.Application.csproj", "{A50768A1-E3E4-4F4A-89F3-025CE0CD254C}"
EndProject
Project("{FAE04EC0-301F-11D3-BF4B-00C04F79EFBC}") = "MicroRabbit.Transfer.Domain", "MicroRabbit.Transfer.Domain\MicroRabbit.Transfer.Domain.csproj", "{580F015E-0B6F-4BAC-8B14-6BBE00E2910E}"
EndProject
Project("{FAE04EC0-301F-11D3-BF4B-00C04F79EFBC}") = "MicroRabbit.Transfer.Data", "MicroRabbit.Transfer.Data\MicroRabbit.Transfer.Data.csproj", "{51A4FFC1-2A32-4B93-9374-81E2DB8222D7}"
EndProject
Global
	GlobalSection(SolutionConfigurationPlatforms) = preSolution
		Debug|Any CPU = Debug|Any CPU
		Release|Any CPU = Release|Any CPU
	EndGlobalSection
	GlobalSection(ProjectConfigurationPlatforms) = postSolution
		{31544AFC-354E-4558-940B-4968EE009ECA}.Debug|Any CPU.ActiveCfg = Debug|Any CPU
		{31544AFC-354E-4558-940B-4968EE009ECA}.Debug|Any CPU.Build.0 = Debug|Any CPU
		{31544AFC-354E-4558-940B-4968EE009ECA}.Release|Any CPU.ActiveCfg = Release|Any CPU
		{31544AFC-354E-4558-940B-4968EE009ECA}.Release|Any CPU.Build.0 = Release|Any CPU
		{28364D6F-C45C-4487-8908-8055B2A2CEEA}.Debug|Any CPU.ActiveCfg = Debug|Any CPU
		{28364D6F-C45C-4487-8908-8055B2A2CEEA}.Debug|Any CPU.Build.0 = Debug|Any CPU
		{28364D6F-C45C-4487-8908-8055B2A2CEEA}.Release|Any CPU.ActiveCfg = Release|Any CPU
		{28364D6F-C45C-4487-8908-8055B2A2CEEA}.Release|Any CPU.Build.0 = Release|Any CPU
		{40ADD60B-687B-45F7-B0A3-373C5E5A0135}.Debug|Any CPU.ActiveCfg = Debug|Any CPU
		{40ADD60B-687B-45F7-B0A3-373C5E5A0135}.Debug|Any CPU.Build.0 = Debug|Any CPU
		{40ADD60B-687B-45F7-B0A3-373C5E5A0135}.Release|Any CPU.ActiveCfg = Release|Any CPU
		{40ADD60B-687B-45F7-B0A3-373C5E5A0135}.Release|Any CPU.Build.0 = Release|Any CPU
		{EEF31EF6-DD97-4DC0-8848-9E3BD450F52D}.Debug|Any CPU.ActiveCfg = Debug|Any CPU
		{EEF31EF6-DD97-4DC0-8848-9E3BD450F52D}.Debug|Any CPU.Build.0 = Debug|Any CPU
		{EEF31EF6-DD97-4DC0-8848-9E3BD450F52D}.Release|Any CPU.ActiveCfg = Release|Any CPU
		{EEF31EF6-DD97-4DC0-8848-9E3BD450F52D}.Release|Any CPU.Build.0 = Release|Any CPU
		{A60F1E6A-6736-41F6-9ADF-A49E5E29985F}.Debug|Any CPU.ActiveCfg = Debug|Any CPU
		{A60F1E6A-6736-41F6-9ADF-A49E5E29985F}.Debug|Any CPU.Build.0 = Debug|Any CPU
		{A60F1E6A-6736-41F6-9ADF-A49E5E29985F}.Release|Any CPU.ActiveCfg = Release|Any CPU
		{A60F1E6A-6736-41F6-9ADF-A49E5E29985F}.Release|Any CPU.Build.0 = Release|Any CPU
		{2EDA1F93-6B7D-40D2-AAE5-F2CC9E32265E}.Debug|Any CPU.ActiveCfg = Debug|Any CPU
		{2EDA1F93-6B7D-40D2-AAE5-F2CC9E32265E}.Debug|Any CPU.Build.0 = Debug|Any CPU
		{2EDA1F93-6B7D-40D2-AAE5-F2CC9E32265E}.Release|Any CPU.ActiveCfg = Release|Any CPU
		{2EDA1F93-6B7D-40D2-AAE5-F2CC9E32265E}.Release|Any CPU.Build.0 = Release|Any CPU
		{407E1D20-D83F-4056-A170-6096CEA0D1C7}.Debug|Any CPU.ActiveCfg = Debug|Any CPU
		{407E1D20-D83F-4056-A170-6096CEA0D1C7}.Debug|Any CPU.Build.0 = Debug|Any CPU
		{407E1D20-D83F-4056-A170-6096CEA0D1C7}.Release|Any CPU.ActiveCfg = Release|Any CPU
		{407E1D20-D83F-4056-A170-6096CEA0D1C7}.Release|Any CPU.Build.0 = Release|Any CPU
		{9169D6C1-BB44-4FA4-9265-3FD113480D54}.Debug|Any CPU.ActiveCfg = Debug|Any CPU
		{9169D6C1-BB44-4FA4-9265-3FD113480D54}.Debug|Any CPU.Build.0 = Debug|Any CPU
		{9169D6C1-BB44-4FA4-9265-3FD113480D54}.Release|Any CPU.ActiveCfg = Release|Any CPU
		{9169D6C1-BB44-4FA4-9265-3FD113480D54}.Release|Any CPU.Build.0 = Release|Any CPU
		{B87D4CF7-D2D8-4F1C-BA6C-8F4E85D52D47}.Debug|Any CPU.ActiveCfg = Debug|Any CPU
		{B87D4CF7-D2D8-4F1C-BA6C-8F4E85D52D47}.Debug|Any CPU.Build.0 = Debug|Any CPU
		{B87D4CF7-D2D8-4F1C-BA6C-8F4E85D52D47}.Release|Any CPU.ActiveCfg = Release|Any CPU
		{B87D4CF7-D2D8-4F1C-BA6C-8F4E85D52D47}.Release|Any CPU.Build.0 = Release|Any CPU
		{A50768A1-E3E4-4F4A-89F3-025CE0CD254C}.Debug|Any CPU.ActiveCfg = Debug|Any CPU
		{A50768A1-E3E4-4F4A-89F3-025CE0CD254C}.Debug|Any CPU.Build.0 = Debug|Any CPU
		{A50768A1-E3E4-4F4A-89F3-025CE0CD254C}.Release|Any CPU.ActiveCfg = Release|Any CPU
		{A50768A1-E3E4-4F4A-89F3-025CE0CD254C}.Release|Any CPU.Build.0 = Release|Any CPU
		{580F015E-0B6F-4BAC-8B14-6BBE00E2910E}.Debug|Any CPU.ActiveCfg = Debug|Any CPU
		{580F015E-0B6F-4BAC-8B14-6BBE00E2910E}.Debug|Any CPU.Build.0 = Debug|Any CPU
		{580F015E-0B6F-4BAC-8B14-6BBE00E2910E}.Release|Any CPU.ActiveCfg = Release|Any CPU
		{580F015E-0B6F-4BAC-8B14-6BBE00E2910E}.Release|Any CPU.Build.0 = Release|Any CPU
		{51A4FFC1-2A32-4B93-9374-81E2DB8222D7}.Debug|Any CPU.ActiveCfg = Debug|Any CPU
		{51A4FFC1-2A32-4B93-9374-81E2DB8222D7}.Debug|Any CPU.Build.0 = Debug|Any CPU
		{51A4FFC1-2A32-4B93-9374-81E2DB8222D7}.Release|Any CPU.ActiveCfg = Release|Any CPU
		{51A4FFC1-2A32-4B93-9374-81E2DB8222D7}.Release|Any CPU.Build.0 = Release|Any CPU
	EndGlobalSection
	GlobalSection(SolutionProperties) = preSolution
		HideSolutionNode = FALSE
	EndGlobalSection
	GlobalSection(NestedProjects) = preSolution
		{82D05160-F097-475D-B109-F109877D8AEB} = {BBF9CF8C-E1D7-4E9E-A434-1B750722C0C3}
		{6D84E6B8-58BD-41F3-B270-13F4B74525D2} = {82D05160-F097-475D-B109-F109877D8AEB}
		{11735BC5-6E74-4308-A2A6-3F9C5A5CAF36} = {82D05160-F097-475D-B109-F109877D8AEB}
		{E9892A6A-F737-46B5-9C5A-FB0BCD8633C1} = {82D05160-F097-475D-B109-F109877D8AEB}
		{DDD5F982-167B-49A9-BA92-27C3AC980071} = {82D05160-F097-475D-B109-F109877D8AEB}
		{31544AFC-354E-4558-940B-4968EE009ECA} = {6D84E6B8-58BD-41F3-B270-13F4B74525D2}
		{28364D6F-C45C-4487-8908-8055B2A2CEEA} = {E9892A6A-F737-46B5-9C5A-FB0BCD8633C1}
		{40ADD60B-687B-45F7-B0A3-373C5E5A0135} = {DDD5F982-167B-49A9-BA92-27C3AC980071}
		{EEF31EF6-DD97-4DC0-8848-9E3BD450F52D} = {11735BC5-6E74-4308-A2A6-3F9C5A5CAF36}
		{A60F1E6A-6736-41F6-9ADF-A49E5E29985F} = {41C9E1AB-2482-4E46-A3E8-A6A12D6D8C5F}
		{2EDA1F93-6B7D-40D2-AAE5-F2CC9E32265E} = {8042AC59-1FD3-404F-A92A-F0051DED03F6}
		{407E1D20-D83F-4056-A170-6096CEA0D1C7} = {255BC829-BED4-4D7F-99B3-74D21B6A6CC1}
		{6A40A637-0FEE-45EA-A07A-F37DC9EFC5A7} = {BBF9CF8C-E1D7-4E9E-A434-1B750722C0C3}
		{9169D6C1-BB44-4FA4-9265-3FD113480D54} = {EA3917B5-4523-4B74-917B-D5B0507CB2E2}
		{DD0D239F-65C1-4772-8B3D-9A345FDF85FB} = {6A40A637-0FEE-45EA-A07A-F37DC9EFC5A7}
		{5571B38D-C01E-4621-8FF8-2BB12D63C1C5} = {6A40A637-0FEE-45EA-A07A-F37DC9EFC5A7}
		{E4A3FEA0-15CC-4C39-AD6C-1CE9440124E9} = {6A40A637-0FEE-45EA-A07A-F37DC9EFC5A7}
		{4BF6F633-29B9-42F1-AC0D-8631689C8697} = {6A40A637-0FEE-45EA-A07A-F37DC9EFC5A7}
		{B87D4CF7-D2D8-4F1C-BA6C-8F4E85D52D47} = {DD0D239F-65C1-4772-8B3D-9A345FDF85FB}
		{A50768A1-E3E4-4F4A-89F3-025CE0CD254C} = {5571B38D-C01E-4621-8FF8-2BB12D63C1C5}
		{580F015E-0B6F-4BAC-8B14-6BBE00E2910E} = {4BF6F633-29B9-42F1-AC0D-8631689C8697}
		{51A4FFC1-2A32-4B93-9374-81E2DB8222D7} = {E4A3FEA0-15CC-4C39-AD6C-1CE9440124E9}
	EndGlobalSection
	GlobalSection(ExtensibilityGlobals) = postSolution
		SolutionGuid = {5DD11697-C7E9-4EC3-A8FA-13F3E809244F}
	EndGlobalSection
EndGlobal
